# This is a Gradle generated file for dependency locking.
# Manual edits can break the build and are not advised.
# This file is expected to be part of source control.
at.yawk.lz4:lz4-java:1.10.1=compileClasspath,testCompileClasspath
at.yawk.lz4:lz4-java:1.11.0=mojangMappedServer,mojangMappedServerRuntime,testRuntimeClasspath
biz.aQute.bnd:biz.aQute.bnd.annotation:7.1.0=compileClasspath,testCompileClasspath
ca.spottedleaf:leafpile:1.0.0=compileClasspath,mojangMappedServer,mojangMappedServerRuntime,testCompileClasspath,testRuntimeClasspath
ch.qos.logback:logback-classic:1.3.16=spotless996163502
ch.qos.logback:logback-core:1.3.16=spotless996163502
com.azure:azure-json:1.4.0=compileClasspath,mojangMappedServer,mojangMappedServerRuntime,testCompileClasspath,testRuntimeClasspath
com.diffplug.durian:durian-swt.os:4.3.1=spotless165445584
com.github.ajalt.clikt:clikt-core-jvm:5.0.3=spotless996163502
com.github.ajalt.clikt:clikt-core:5.0.3=spotless996163502
com.github.ajalt.clikt:clikt-jvm:5.0.3=spotless996163502
com.github.ajalt.clikt:clikt:5.0.3=spotless996163502
com.github.ajalt.colormath:colormath-jvm:3.6.0=spotless996163502
com.github.ajalt.colormath:colormath:3.6.0=spotless996163502
com.github.ajalt.mordant:mordant-core-jvm:3.0.1=spotless996163502
com.github.ajalt.mordant:mordant-core:3.0.1=spotless996163502
com.github.ajalt.mordant:mordant-jvm-ffm-jvm:3.0.1=spotless996163502
com.github.ajalt.mordant:mordant-jvm-ffm:3.0.1=spotless996163502
com.github.ajalt.mordant:mordant-jvm-graal-ffi-jvm:3.0.1=spotless996163502
com.github.ajalt.mordant:mordant-jvm-graal-ffi:3.0.1=spotless996163502
com.github.ajalt.mordant:mordant-jvm-jna-jvm:3.0.1=spotless996163502
com.github.ajalt.mordant:mordant-jvm-jna:3.0.1=spotless996163502
com.github.ajalt.mordant:mordant-jvm:3.0.1=spotless996163502
com.github.ajalt.mordant:mordant:3.0.1=spotless996163502
com.github.luben:zstd-jni:1.5.7-11=mojangMappedServer,mojangMappedServerRuntime,testRuntimeClasspath
com.github.oshi:oshi-core:6.9.0=compileClasspath,mojangMappedServer,mojangMappedServerRuntime,testCompileClasspath,testRuntimeClasspath
com.google.auto.service:auto-service-annotations:1.1.1=compileClasspath,testCompileClasspath
com.google.code.findbugs:jsr305:3.0.2=compileClasspath,testCompileClasspath
com.google.code.gson:gson:2.14.0=compileClasspath,mojangMappedServer,mojangMappedServerRuntime,testCompileClasspath,testRuntimeClasspath
com.google.errorprone:error_prone_annotations:2.48.0=compileClasspath,mojangMappedServer,mojangMappedServerRuntime,testCompileClasspath,testRuntimeClasspath
com.google.guava:failureaccess:1.0.3=compileClasspath,mojangMappedServer,mojangMappedServerRuntime,testCompileClasspath,testRuntimeClasspath
com.google.guava:guava:33.6.0-jre=compileClasspath,mojangMappedServer,mojangMappedServerRuntime,testCompileClasspath,testRuntimeClasspath
com.google.guava:listenablefuture:9999.0-empty-to-avoid-conflict-with-guava=compileClasspath,mojangMappedServer,mojangMappedServerRuntime,testCompileClasspath,testRuntimeClasspath
com.google.j2objc:j2objc-annotations:3.1=compileClasspath,mojangMappedServer,mojangMappedServerRuntime,testCompileClasspath,testRuntimeClasspath
com.google.protobuf:protobuf-java:4.29.0=mojangMappedServer,mojangMappedServerRuntime,testRuntimeClasspath
com.googlecode.json-simple:json-simple:1.1.1=compileClasspath,mojangMappedServer,mojangMappedServerRuntime,testCompileClasspath,testRuntimeClasspath
com.lmax:disruptor:3.4.4=mojangMappedServer,mojangMappedServerRuntime,testRuntimeClasspath
com.microsoft.azure:msal4j:1.24.1=compileClasspath,mojangMappedServer,mojangMappedServerRuntime,testCompileClasspath,testRuntimeClasspath
com.mojang:authlib:9.0.75=compileClasspath,mojangMappedServer,mojangMappedServerRuntime,testCompileClasspath,testRuntimeClasspath
com.mojang:brigadier:1.3.10=compileClasspath,mojangMappedServer,mojangMappedServerRuntime,testCompileClasspath,testRuntimeClasspath
com.mojang:datafixerupper:10.0.21=compileClasspath,mojangMappedServer,mojangMappedServerRuntime,testCompileClasspath,testRuntimeClasspath
com.mojang:jtracy:1.0.37=compileClasspath,mojangMappedServer,mojangMappedServerRuntime,testCompileClasspath,testRuntimeClasspath
com.mojang:logging:1.7.12=compileClasspath,mojangMappedServer,mojangMappedServerRuntime,testCompileClasspath,testRuntimeClasspath
com.mysql:mysql-connector-j:9.2.0=mojangMappedServer,mojangMappedServerRuntime,testRuntimeClasspath
com.pinterest.ktlint:ktlint-cli-reporter-baseline:1.8.0=spotless996163502
com.pinterest.ktlint:ktlint-cli-reporter-checkstyle:1.8.0=spotless996163502
com.pinterest.ktlint:ktlint-cli-reporter-core:1.8.0=spotless996163502
com.pinterest.ktlint:ktlint-cli-reporter-format:1.8.0=spotless996163502
com.pinterest.ktlint:ktlint-cli-reporter-html:1.8.0=spotless996163502
com.pinterest.ktlint:ktlint-cli-reporter-json:1.8.0=spotless996163502
com.pinterest.ktlint:ktlint-cli-reporter-plain-summary:1.8.0=spotless996163502
com.pinterest.ktlint:ktlint-cli-reporter-plain:1.8.0=spotless996163502
com.pinterest.ktlint:ktlint-cli-reporter-sarif:1.8.0=spotless996163502
com.pinterest.ktlint:ktlint-cli-ruleset-core:1.8.0=spotless996163502
com.pinterest.ktlint:ktlint-cli:1.8.0=spotless996163502
com.pinterest.ktlint:ktlint-logger:1.8.0=spotless996163502
com.pinterest.ktlint:ktlint-rule-engine-core:1.8.0=spotless996163502
com.pinterest.ktlint:ktlint-rule-engine:1.8.0=spotless996163502
com.pinterest.ktlint:ktlint-ruleset-standard:1.8.0=spotless996163502
com.velocitypowered:velocity-native:3.4.0-SNAPSHOT=compileClasspath,mojangMappedServer,mojangMappedServerRuntime,testCompileClasspath,testRuntimeClasspath
commons-codec:commons-codec:1.16.0=mojangMappedServer,mojangMappedServerRuntime,testRuntimeClasspath
commons-io:commons-io:2.20.0=compileClasspath,mojangMappedServer,mojangMappedServerRuntime,testCompileClasspath,testRuntimeClasspath
commons-lang:commons-lang:2.6=mojangMappedServer,mojangMappedServerRuntime,testRuntimeClasspath
de.maxhenkel.voicechat:voicechat-api:2.6.13=compileClasspath
dev.drewhamilton.poko:poko-annotations-jvm:0.20.1=spotless996163502
dev.drewhamilton.poko:poko-annotations:0.20.1=spotless996163502
dev.equo.ide:solstice:1.8.1=spotless165445584
dev.jorel:commandapi-bukkit-1.20.5:11.2.1-SNAPSHOT=compileClasspath
dev.jorel:commandapi-bukkit-1.21.11:11.2.1-SNAPSHOT=compileClasspath
dev.jorel:commandapi-bukkit-1.21.2:11.2.1-SNAPSHOT=compileClasspath
dev.jorel:commandapi-bukkit-1.21.4:11.2.1-SNAPSHOT=compileClasspath
dev.jorel:commandapi-bukkit-1.21.5:11.2.1-SNAPSHOT=compileClasspath
dev.jorel:commandapi-bukkit-1.21.6:11.2.1-SNAPSHOT=compileClasspath
dev.jorel:commandapi-bukkit-1.21.9:11.2.1-SNAPSHOT=compileClasspath
dev.jorel:commandapi-bukkit-1.21:11.2.1-SNAPSHOT=compileClasspath
dev.jorel:commandapi-bukkit-26-common:11.2.1-SNAPSHOT=compileClasspath
dev.jorel:commandapi-bukkit-26.1:11.2.1-SNAPSHOT=compileClasspath
dev.jorel:commandapi-bukkit-26.2:11.2.1-SNAPSHOT=compileClasspath
dev.jorel:commandapi-bukkit-core:11.2.1-SNAPSHOT=compileClasspath
dev.jorel:commandapi-bukkit-nms-common:11.2.1-SNAPSHOT=compileClasspath
dev.jorel:commandapi-core:11.2.1-SNAPSHOT=compileClasspath
dev.jorel:commandapi-paper-1.20.5:11.2.1-SNAPSHOT=compileClasspath
dev.jorel:commandapi-paper-1.21.11:11.2.1-SNAPSHOT=compileClasspath
dev.jorel:commandapi-paper-1.21.2:11.2.1-SNAPSHOT=compileClasspath
dev.jorel:commandapi-paper-1.21.4:11.2.1-SNAPSHOT=compileClasspath
dev.jorel:commandapi-paper-1.21.5:11.2.1-SNAPSHOT=compileClasspath
dev.jorel:commandapi-paper-1.21.6:11.2.1-SNAPSHOT=compileClasspath
dev.jorel:commandapi-paper-1.21.9:11.2.1-SNAPSHOT=compileClasspath
dev.jorel:commandapi-paper-1.21:11.2.1-SNAPSHOT=compileClasspath
dev.jorel:commandapi-paper-26.1:11.2.1-SNAPSHOT=compileClasspath
dev.jorel:commandapi-paper-26.2:11.2.1-SNAPSHOT=compileClasspath
dev.jorel:commandapi-paper-api:11.2.1-SNAPSHOT=compileClasspath
dev.jorel:commandapi-paper-core:11.2.1-SNAPSHOT=compileClasspath
dev.jorel:commandapi-paper-mojang-mapped:11.2.1-SNAPSHOT=compileClasspath
dev.jorel:commandapi-paper-nms-dependency:11.2.1-SNAPSHOT=compileClasspath
dev.jorel:commandapi-paper-shade:11.2.1-SNAPSHOT=compileClasspath
dev.jorel:commandapi-paper-vh:11.2.1-SNAPSHOT=compileClasspath
io.github.detekt.sarif4k:sarif4k-jvm:0.6.0=spotless996163502
io.github.detekt.sarif4k:sarif4k:0.6.0=spotless996163502
io.github.oshai:kotlin-logging-jvm:7.0.13=spotless996163502
io.leangen.geantyref:geantyref:1.3.16=compileClasspath,mojangMappedServer,mojangMappedServerRuntime,testCompileClasspath,testRuntimeClasspath
io.netty:netty-buffer:4.2.15.Final=compileClasspath,mojangMappedServer,mojangMappedServerRuntime,testCompileClasspath,testRuntimeClasspath
io.netty:netty-codec-base:4.2.15.Final=compileClasspath,mojangMappedServer,mojangMappedServerRuntime,testCompileClasspath,testRuntimeClasspath
io.netty:netty-codec-compression:4.2.15.Final=compileClasspath,mojangMappedServer,mojangMappedServerRuntime,testCompileClasspath,testRuntimeClasspath
io.netty:netty-codec-haproxy:4.2.15.Final=compileClasspath,mojangMappedServer,mojangMappedServerRuntime,testCompileClasspath,testRuntimeClasspath
io.netty:netty-codec-http:4.2.15.Final=compileClasspath,mojangMappedServer,mojangMappedServerRuntime,testCompileClasspath,testRuntimeClasspath
io.netty:netty-common:4.2.15.Final=compileClasspath,mojangMappedServer,mojangMappedServerRuntime,testCompileClasspath,testRuntimeClasspath
io.netty:netty-handler:4.2.15.Final=compileClasspath,mojangMappedServer,mojangMappedServerRuntime,testCompileClasspath,testRuntimeClasspath
io.netty:netty-resolver:4.2.15.Final=compileClasspath,mojangMappedServer,mojangMappedServerRuntime,testCompileClasspath,testRuntimeClasspath
io.netty:netty-transport-classes-epoll:4.2.15.Final=compileClasspath,mojangMappedServer,mojangMappedServerRuntime,testCompileClasspath,testRuntimeClasspath
io.netty:netty-transport-classes-kqueue:4.2.15.Final=compileClasspath,mojangMappedServer,mojangMappedServerRuntime,testCompileClasspath,testRuntimeClasspath
io.netty:netty-transport-native-epoll:4.2.15.Final=compileClasspath,mojangMappedServer,mojangMappedServerRuntime,testCompileClasspath,testRuntimeClasspath
io.netty:netty-transport-native-kqueue:4.2.15.Final=compileClasspath,mojangMappedServer,mojangMappedServerRuntime,testCompileClasspath,testRuntimeClasspath
io.netty:netty-transport-native-unix-common:4.2.15.Final=compileClasspath,mojangMappedServer,mojangMappedServerRuntime,testCompileClasspath,testRuntimeClasspath
io.netty:netty-transport:4.2.15.Final=compileClasspath,mojangMappedServer,mojangMappedServerRuntime,testCompileClasspath,testRuntimeClasspath
io.papermc.codebook:codebook-cli:2.0.1-SNAPSHOT=macheCodebook
io.papermc.paper:dev-bundle:26.2.build.65-beta=compileClasspath,mojangMappedServer,mojangMappedServerRuntime,paperweightDevelopmentBundle,testCompileClasspath,testRuntimeClasspath
io.papermc.paper:paper-api:26.2.build.65-beta=compileClasspath,mojangMappedServer,mojangMappedServerRuntime,testCompileClasspath,testRuntimeClasspath
io.papermc.unpick-definitions:unpick-definitions:26.2-snapshot-6+build.4=macheConstants
io.papermc:mache:26.2+build.1=compileClasspath,mache,mojangMappedServer,mojangMappedServerRuntime,testCompileClasspath,testRuntimeClasspath
it.unimi.dsi:fastutil:8.5.18=compileClasspath,mojangMappedServer,mojangMappedServerRuntime,testCompileClasspath,testRuntimeClasspath
javax.inject:javax.inject:1=compileClasspath,mojangMappedServer,mojangMappedServerRuntime,testCompileClasspath,testRuntimeClasspath
me.lucko:spark-api:0.1-SNAPSHOT=compileClasspath,mojangMappedServer,mojangMappedServerRuntime,testCompileClasspath,testRuntimeClasspath
me.lucko:spark-paper:1.10.152=compileClasspath,mojangMappedServer,mojangMappedServerRuntime,testCompileClasspath,testRuntimeClasspath
net.dmulloy2:ProtocolLib:5.4.0=compileClasspath
net.fabricmc:tiny-remapper:0.12.0=pluginRemapper
net.java.dev.jna:jna-platform:5.17.0=compileClasspath,mojangMappedServer,mojangMappedServerRuntime,testCompileClasspath,testRuntimeClasspath
net.java.dev.jna:jna-platform:5.18.1=spotless165445584
net.java.dev.jna:jna:5.14.0=spotless996163502
net.java.dev.jna:jna:5.17.0=compileClasspath,testCompileClasspath
net.java.dev.jna:jna:5.19.1=mojangMappedServer,mojangMappedServerRuntime,testRuntimeClasspath
net.kyori:adventure-api:5.2.0=compileClasspath,mojangMappedServer,mojangMappedServerRuntime,testCompileClasspath,testRuntimeClasspath
net.kyori:adventure-bom:5.2.0=compileClasspath,mojangMappedServer,mojangMappedServerRuntime,testCompileClasspath,testRuntimeClasspath
net.kyori:adventure-key:5.2.0=compileClasspath,mojangMappedServer,mojangMappedServerRuntime,testCompileClasspath,testRuntimeClasspath
net.kyori:adventure-text-logger-slf4j:5.2.0=compileClasspath,mojangMappedServer,mojangMappedServerRuntime,testCompileClasspath,testRuntimeClasspath
net.kyori:adventure-text-minimessage:5.2.0=compileClasspath,mojangMappedServer,mojangMappedServerRuntime,testCompileClasspath,testRuntimeClasspath
net.kyori:adventure-text-serializer-ansi:5.2.0=compileClasspath,mojangMappedServer,mojangMappedServerRuntime,testCompileClasspath,testRuntimeClasspath
net.kyori:adventure-text-serializer-commons:5.2.0=mojangMappedServer,mojangMappedServerRuntime,testRuntimeClasspath
net.kyori:adventure-text-serializer-gson:5.2.0=compileClasspath,mojangMappedServer,mojangMappedServerRuntime,testCompileClasspath,testRuntimeClasspath
net.kyori:adventure-text-serializer-json:5.2.0=compileClasspath,mojangMappedServer,mojangMappedServerRuntime,testCompileClasspath,testRuntimeClasspath
net.kyori:adventure-text-serializer-legacy:5.2.0=compileClasspath,mojangMappedServer,mojangMappedServerRuntime,testCompileClasspath,testRuntimeClasspath
net.kyori:adventure-text-serializer-plain:5.2.0=compileClasspath,mojangMappedServer,mojangMappedServerRuntime,testCompileClasspath,testRuntimeClasspath
net.kyori:ansi:1.1.1=compileClasspath,mojangMappedServer,mojangMappedServerRuntime,testCompileClasspath,testRuntimeClasspath
net.kyori:option:1.1.0=compileClasspath,mojangMappedServer,mojangMappedServerRuntime,testCompileClasspath,testRuntimeClasspath
net.md-5:bungeecord-chat:1.21-R0.2-deprecated+build.21=compileClasspath,mojangMappedServer,mojangMappedServerRuntime,testCompileClasspath,testRuntimeClasspath
net.minecrell:terminalconsoleappender:1.3.0=compileClasspath,mojangMappedServer,mojangMappedServerRuntime,testCompileClasspath,testRuntimeClasspath
net.sf.jopt-simple:jopt-simple:5.0.4=compileClasspath,mojangMappedServer,mojangMappedServerRuntime,testCompileClasspath,testRuntimeClasspath
org.apache.commons:commons-lang3:3.20.0=compileClasspath,mojangMappedServer,mojangMappedServerRuntime,testCompileClasspath,testRuntimeClasspath
org.apache.felix:org.apache.felix.scr:2.2.14=spotless165445584
org.apache.httpcomponents:httpclient:4.5.14=mojangMappedServer,mojangMappedServerRuntime,testRuntimeClasspath
org.apache.httpcomponents:httpcore:4.4.16=mojangMappedServer,mojangMappedServerRuntime,testRuntimeClasspath
org.apache.logging.log4j:log4j-api:2.26.0=compileClasspath,mojangMappedServer,mojangMappedServerRuntime,testCompileClasspath,testRuntimeClasspath
org.apache.logging.log4j:log4j-core:2.26.0=compileClasspath,mojangMappedServer,mojangMappedServerRuntime,testCompileClasspath,testRuntimeClasspath
org.apache.logging.log4j:log4j-iostreams:2.26.0=compileClasspath,mojangMappedServer,mojangMappedServerRuntime,testCompileClasspath,testRuntimeClasspath
org.apache.logging.log4j:log4j-slf4j2-impl:2.26.0=compileClasspath,mojangMappedServer,mojangMappedServerRuntime,testCompileClasspath,testRuntimeClasspath
org.apache.maven.resolver:maven-resolver-api:1.9.18=compileClasspath,mojangMappedServer,mojangMappedServerRuntime,testCompileClasspath,testRuntimeClasspath
org.apache.maven.resolver:maven-resolver-connector-basic:1.9.18=mojangMappedServer,mojangMappedServerRuntime,testRuntimeClasspath
org.apache.maven.resolver:maven-resolver-impl:1.9.18=compileClasspath,mojangMappedServer,mojangMappedServerRuntime,testCompileClasspath,testRuntimeClasspath
org.apache.maven.resolver:maven-resolver-named-locks:1.9.18=compileClasspath,mojangMappedServer,mojangMappedServerRuntime,testCompileClasspath,testRuntimeClasspath
org.apache.maven.resolver:maven-resolver-spi:1.9.18=compileClasspath,mojangMappedServer,mojangMappedServerRuntime,testCompileClasspath,testRuntimeClasspath
org.apache.maven.resolver:maven-resolver-transport-http:1.9.18=mojangMappedServer,mojangMappedServerRuntime,testRuntimeClasspath
org.apache.maven.resolver:maven-resolver-util:1.9.18=compileClasspath,mojangMappedServer,mojangMappedServerRuntime,testCompileClasspath,testRuntimeClasspath
org.apache.maven:maven-artifact:3.9.6=compileClasspath,mojangMappedServer,mojangMappedServerRuntime,testCompileClasspath,testRuntimeClasspath
org.apache.maven:maven-builder-support:3.9.6=compileClasspath,mojangMappedServer,mojangMappedServerRuntime,testCompileClasspath,testRuntimeClasspath
org.apache.maven:maven-model-builder:3.9.6=compileClasspath,mojangMappedServer,mojangMappedServerRuntime,testCompileClasspath,testRuntimeClasspath
org.apache.maven:maven-model:3.9.6=compileClasspath,mojangMappedServer,mojangMappedServerRuntime,testCompileClasspath,testRuntimeClasspath
org.apache.maven:maven-repository-metadata:3.9.6=compileClasspath,mojangMappedServer,mojangMappedServerRuntime,testCompileClasspath,testRuntimeClasspath
org.apache.maven:maven-resolver-provider:3.9.6=compileClasspath,mojangMappedServer,mojangMappedServerRuntime,testCompileClasspath,testRuntimeClasspath
org.checkerframework:checker-qual:3.49.2=compileClasspath,testCompileClasspath
org.codehaus.plexus:plexus-interpolation:1.26=compileClasspath,mojangMappedServer,mojangMappedServerRuntime,testCompileClasspath,testRuntimeClasspath
org.codehaus.plexus:plexus-utils:3.5.1=compileClasspath,mojangMappedServer,mojangMappedServerRuntime,testCompileClasspath,testRuntimeClasspath
org.ec4j.core:ec4j-core:1.1.1=spotless996163502
org.eclipse.jdt:ecj:3.45.0=spotless165445584
org.eclipse.jdt:org.eclipse.jdt.core:3.45.0=spotless165445584
org.eclipse.platform:org.eclipse.core.commands:3.12.500=spotless165445584
org.eclipse.platform:org.eclipse.core.contenttype:3.9.800=spotless165445584
org.eclipse.platform:org.eclipse.core.expressions:3.9.500=spotless165445584
org.eclipse.platform:org.eclipse.core.filesystem:1.11.400=spotless165445584
org.eclipse.platform:org.eclipse.core.jobs:3.15.700=spotless165445584
org.eclipse.platform:org.eclipse.core.resources:3.23.200=spotless165445584
org.eclipse.platform:org.eclipse.core.runtime:3.34.200=spotless165445584
org.eclipse.platform:org.eclipse.equinox.app:1.7.600=spotless165445584
org.eclipse.platform:org.eclipse.equinox.common:3.20.300=spotless165445584
org.eclipse.platform:org.eclipse.equinox.event:1.7.300=spotless165445584
org.eclipse.platform:org.eclipse.equinox.preferences:3.12.100=spotless165445584
org.eclipse.platform:org.eclipse.equinox.registry:3.12.600=spotless165445584
org.eclipse.platform:org.eclipse.equinox.supplement:1.12.200=spotless165445584
org.eclipse.platform:org.eclipse.osgi:3.24.100=spotless165445584
org.eclipse.platform:org.eclipse.text:3.14.600=spotless165445584
org.eclipse.sisu:org.eclipse.sisu.inject:0.9.0.M2=compileClasspath,mojangMappedServer,mojangMappedServerRuntime,testCompileClasspath,testRuntimeClasspath
org.jetbrains.kotlin:kotlin-compiler-embeddable:2.2.21=spotless996163502
org.jetbrains.kotlin:kotlin-daemon-embeddable:2.2.21=spotless996163502
org.jetbrains.kotlin:kotlin-reflect:1.6.10=spotless996163502
org.jetbrains.kotlin:kotlin-script-runtime:2.2.21=spotless996163502
org.jetbrains.kotlin:kotlin-stdlib-common:2.2.21=spotless996163502
org.jetbrains.kotlin:kotlin-stdlib-jdk7:1.8.0=spotless996163502
org.jetbrains.kotlin:kotlin-stdlib-jdk8:1.8.0=spotless996163502
org.jetbrains.kotlin:kotlin-stdlib:2.2.21=spotless996163502
org.jetbrains.kotlinx:kotlinx-coroutines-core-jvm:1.8.0=spotless996163502
org.jetbrains.kotlinx:kotlinx-serialization-core-jvm:1.4.1=spotless996163502
org.jetbrains.kotlinx:kotlinx-serialization-core:1.4.1=spotless996163502
org.jetbrains.kotlinx:kotlinx-serialization-json-jvm:1.4.1=spotless996163502
org.jetbrains.kotlinx:kotlinx-serialization-json:1.4.1=spotless996163502
org.jetbrains:annotations:13.0=spotless996163502
org.jetbrains:annotations:26.1.0=compileClasspath,testCompileClasspath
org.jline:jline-native:3.27.1=compileClasspath,mojangMappedServer,mojangMappedServerRuntime,testCompileClasspath,testRuntimeClasspath
org.jline:jline-reader:3.20.0=compileClasspath,mojangMappedServer,mojangMappedServerRuntime,testCompileClasspath,testRuntimeClasspath
org.jline:jline-terminal-ffm:3.27.1=compileClasspath,mojangMappedServer,mojangMappedServerRuntime,testCompileClasspath,testRuntimeClasspath
org.jline:jline-terminal-jni:3.27.1=compileClasspath,mojangMappedServer,mojangMappedServerRuntime,testCompileClasspath,testRuntimeClasspath
org.jline:jline-terminal:3.27.1=compileClasspath,mojangMappedServer,mojangMappedServerRuntime,testCompileClasspath,testRuntimeClasspath
org.joml:joml:1.10.8=compileClasspath,mojangMappedServer,mojangMappedServerRuntime,testCompileClasspath,testRuntimeClasspath
org.jspecify:jspecify:1.0.0=compileClasspath,mojangMappedServer,mojangMappedServerRuntime,testCompileClasspath,testRuntimeClasspath
org.osgi:org.osgi.annotation.bundle:2.0.0=compileClasspath,testCompileClasspath
org.osgi:org.osgi.annotation.versioning:1.1.2=compileClasspath,testCompileClasspath
org.osgi:org.osgi.resource:1.0.0=compileClasspath,testCompileClasspath
org.osgi:org.osgi.service.cm:1.6.1=spotless165445584
org.osgi:org.osgi.service.component:1.5.1=spotless165445584
org.osgi:org.osgi.service.event:1.4.1=spotless165445584
org.osgi:org.osgi.service.metatype:1.4.1=spotless165445584
org.osgi:org.osgi.service.prefs:1.1.2=spotless165445584
org.osgi:org.osgi.service.serviceloader:1.0.0=compileClasspath,testCompileClasspath
org.osgi:org.osgi.util.function:1.2.0=spotless165445584
org.osgi:org.osgi.util.promise:1.3.0=spotless165445584
org.ow2.asm:asm-commons:9.9.1=compileClasspath,mojangMappedServer,mojangMappedServerRuntime,testCompileClasspath,testRuntimeClasspath
org.ow2.asm:asm-tree:9.9.1=compileClasspath,mojangMappedServer,mojangMappedServerRuntime,testCompileClasspath,testRuntimeClasspath
org.ow2.asm:asm:9.9.1=compileClasspath,mojangMappedServer,mojangMappedServerRuntime,testCompileClasspath,testRuntimeClasspath
org.slf4j:jcl-over-slf4j:1.7.36=mojangMappedServer,mojangMappedServerRuntime,testRuntimeClasspath
org.slf4j:slf4j-api:2.0.17=compileClasspath,testCompileClasspath
org.slf4j:slf4j-api:2.0.18=mojangMappedServer,mojangMappedServerRuntime,testRuntimeClasspath
org.slf4j:slf4j-api:2.0.7=spotless996163502
org.spongepowered:configurate-core:4.2.0=compileClasspath,mojangMappedServer,mojangMappedServerRuntime,testCompileClasspath,testRuntimeClasspath
org.spongepowered:configurate-yaml:4.2.0=compileClasspath,mojangMappedServer,mojangMappedServerRuntime,testCompileClasspath,testRuntimeClasspath
org.vineflower:vineflower:1.12.0=macheDecompiler
org.xerial:sqlite-jdbc:3.49.1.0=mojangMappedServer,mojangMappedServerRuntime,testRuntimeClasspath
org.yaml:snakeyaml:2.2=compileClasspath,testCompileClasspath
org.yaml:snakeyaml:2.6=mojangMappedServer,mojangMappedServerRuntime,testRuntimeClasspath
empty=annotationProcessor,decompiler,macheParamMappings,macheRemapper,paramMappings,remapper,runtimeClasspath,shadow,testAnnotationProcessor
